# This file is automatically @generated by Poetry 1.4.2 and should not be changed by hand.

[[package]]
name = "asgiref"
version = "3.6.0"
description = "ASGI specs, helper code, and adapters"
category = "main"
optional = false
python-versions = ">=3.7"
files = [
    {file = "asgiref-3.6.0-py3-none-any.whl", hash = "sha256:71e68008da809b957b7ee4b43dbccff33d1b23519fb8344e33f049897077afac"},
    {file = "asgiref-3.6.0.tar.gz", hash = "sha256:9567dfe7bd8d3c8c892227827c41cce860b368104c3431da67a0c5a65a949506"},
]

[package.extras]
tests = ["mypy (>=0.800)", "pytest", "pytest-asyncio"]

[[package]]
name = "django"
version = "3.2.19"
description = "A high-level Python Web framework that encourages rapid development and clean, pragmatic design."
category = "main"
optional = false
python-versions = ">=3.6"
files = [
    {file = "Django-3.2.19-py3-none-any.whl", hash = "sha256:21cc991466245d659ab79cb01204f9515690f8dae00e5eabde307f14d24d4d7d"},
    {file = "Django-3.2.19.tar.gz", hash = "sha256:031365bae96814da19c10706218c44dff3b654cc4de20a98bd2d29b9bde469f0"},
]

[package.dependencies]
asgiref = ">=3.3.2,<4"
pytz = "*"
sqlparse = ">=0.2.2"

[package.extras]
argon2 = ["argon2-cffi (>=19.1.0)"]
bcrypt = ["bcrypt"]

[[package]]
name = "pytz"
version = "2023.3"
description = "World timezone definitions, modern and historical"
category = "main"
optional = false
python-versions = "*"
files = [
    {file = "pytz-2023.3-py2.py3-none-any.whl", hash = "sha256:a151b3abb88eda1d4e34a9814df37de2a80e301e68ba0fd856fb9b46bfbbbffb"},
    {file = "pytz-2023.3.tar.gz", hash = "sha256:1d8ce29db189191fb55338ee6d0387d82ab59f3d00eac103412d64e0ebd0c588"},
]

[[package]]
name = "sqlparse"
version = "0.4.4"
description = "A non-validating SQL parser."
category = "main"
optional = false
python-versions = ">=3.5"
files = [
    {file = "sqlparse-0.4.4-py3-none-any.whl", hash = "sha256:5430a4fe2ac7d0f93e66f1efc6e1338a41884b7ddf2a350cedd20ccc4d9d28f3"},
    {file = "sqlparse-0.4.4.tar.gz", hash = "sha256:d446183e84b8349fa3061f0fe7f06ca94ba65b426946ffebe6e3e8295332420c"},
]

[package.extras]
dev = ["build", "flake8"]
doc = ["sphinx"]
test = ["pytest", "pytest-cov"]

[metadata]
lock-version = "2.0"
python-versions = "^3.9"
content-hash = "8ce3a91ef3a4577e5377e795480bc159e30503bcd856f675835cec8c3a3dacbe"
